
Microsoft Visual Studio Solution File, Format Version 12.00
# Visual Studio Version 17
VisualStudioVersion = 17.14.36518.9
MinimumVisualStudioVersion = 10.0.40219.1
Project("{FAE04EC0-301F-11D3-BF4B-00C04F79EFBC}") = "GestionDePersonas.SI", "SistemaGestionPatitosSA\GestionDePersonas.SI.csproj", "{1D34E89B-FD25-437B-B080-BFEDC6AA8D8B}"
EndProject
Project("{FAE04EC0-301F-11D3-BF4B-00C04F79EFBC}") = "GestionDePersonas.BL", "GestionDePersonas.BL\GestionDePersonas.BL.csproj", "{C61C3878-8CE8-4FB2-8F77-5D48B8E36A9A}"
EndProject
Project("{FAE04EC0-301F-11D3-BF4B-00C04F79EFBC}") = "GestionDePersonas.DA", "GestionDePersonas.DA\GestionDePersonas.DA.csproj", "{FABE60DF-721E-4ACF-B246-ED277EFD056D}"
EndProject
Project("{FAE04EC0-301F-11D3-BF4B-00C04F79EFBC}") = "GestionDePersonas.Model", "GestionDePersonas.Model\GestionDePersonas.Model.csproj", "{C30E1416-5114-478E-A5A9-EAAFA944B64D}"
EndProject
Project("{FAE04EC0-301F-11D3-BF4B-00C04F79EFBC}") = "GestionDePersonas.UI", "GestionDePersonas.UI\GestionDePersonas.UI.csproj", "{D2AE6B29-CB7E-42BA-881F-88B09DFEB7C2}"
EndProject
Global
	GlobalSection(SolutionConfigurationPlatforms) = preSolution
		Debug|Any CPU = Debug|Any CPU
		Release|Any CPU = Release|Any CPU
	EndGlobalSection
	GlobalSection(ProjectConfigurationPlatforms) = postSolution
		{1D34E89B-FD25-437B-B080-BFEDC6AA8D8B}.Debug|Any CPU.ActiveCfg = Debug|Any CPU
		{1D34E89B-FD25-437B-B080-BFEDC6AA8D8B}.Debug|Any CPU.Build.0 = Debug|Any CPU
		{1D34E89B-FD25-437B-B080-BFEDC6AA8D8B}.Release|Any CPU.ActiveCfg = Release|Any CPU
		{1D34E89B-FD25-437B-B080-BFEDC6AA8D8B}.Release|Any CPU.Build.0 = Release|Any CPU
		{C61C3878-8CE8-4FB2-8F77-5D48B8E36A9A}.Debug|Any CPU.ActiveCfg = Debug|Any CPU
		{C61C3878-8CE8-4FB2-8F77-5D48B8E36A9A}.Debug|Any CPU.Build.0 = Debug|Any CPU
		{C61C3878-8CE8-4FB2-8F77-5D48B8E36A9A}.Release|Any CPU.ActiveCfg = Release|Any CPU
		{C61C3878-8CE8-4FB2-8F77-5D48B8E36A9A}.Release|Any CPU.Build.0 = Release|Any CPU
		{FABE60DF-721E-4ACF-B246-ED277EFD056D}.Debug|Any CPU.ActiveCfg = Debug|Any CPU
		{FABE60DF-721E-4ACF-B246-ED277EFD056D}.Debug|Any CPU.Build.0 = Debug|Any CPU
		{FABE60DF-721E-4ACF-B246-ED277EFD056D}.Release|Any CPU.ActiveCfg = Release|Any CPU
		{FABE60DF-721E-4ACF-B246-ED277EFD056D}.Release|Any CPU.Build.0 = Release|Any CPU
		{C30E1416-5114-478E-A5A9-EAAFA944B64D}.Debug|Any CPU.ActiveCfg = Debug|Any CPU
		{C30E1416-5114-478E-A5A9-EAAFA944B64D}.Debug|Any CPU.Build.0 = Debug|Any CPU
		{C30E1416-5114-478E-A5A9-EAAFA944B64D}.Release|Any CPU.ActiveCfg = Release|Any CPU
		{C30E1416-5114-478E-A5A9-EAAFA944B64D}.Release|Any CPU.Build.0 = Release|Any CPU
		{D2AE6B29-CB7E-42BA-881F-88B09DFEB7C2}.Debug|Any CPU.ActiveCfg = Debug|Any CPU
		{D2AE6B29-CB7E-42BA-881F-88B09DFEB7C2}.Debug|Any CPU.Build.0 = Debug|Any CPU
		{D2AE6B29-CB7E-42BA-881F-88B09DFEB7C2}.Release|Any CPU.ActiveCfg = Release|Any CPU
		{D2AE6B29-CB7E-42BA-881F-88B09DFEB7C2}.Release|Any CPU.Build.0 = Release|Any CPU
	EndGlobalSection
	GlobalSection(SolutionProperties) = preSolution
		HideSolutionNode = FALSE
	EndGlobalSection
	GlobalSection(ExtensibilityGlobals) = postSolution
		SolutionGuid = {B6A18739-A9D6-420B-84C5-3A38B4DDB764}
	EndGlobalSection
EndGlobal
